// !$*UTF8*$!
{
	archiveVersion = 1;
	classes = {
	};
	objectVersion = 50;
	objects = {

/* Begin PBXBuildFile section */
		84191B9C239D22410063F600 /* AppDelegate.swift in Sources */ = {isa = PBXBuildFile; fileRef = 84191B9B239D22410063F600 /* AppDelegate.swift */; };
		84191B9E239D22410063F600 /* SceneDelegate.swift in Sources */ = {isa = PBXBuildFile; fileRef = 84191B9D239D22410063F600 /* SceneDelegate.swift */; };
		84191BA0239D22410063F600 /* ViewController.swift in Sources */ = {isa = PBXBuildFile; fileRef = 84191B9F239D22410063F600 /* ViewController.swift */; };
		84191BA3239D22410063F600 /* Main.storyboard in Resources */ = {isa = PBXBuildFile; fileRef = 84191BA1239D22410063F600 /* Main.storyboard */; };
		84191BA6239D22410063F600 /* ITable.xcdatamodeld in Sources */ = {isa = PBXBuildFile; fileRef = 84191BA4239D22410063F600 /* ITable.xcdatamodeld */; };
		84191BA8239D22430063F600 /* Assets.xcassets in Resources */ = {isa = PBXBuildFile; fileRef = 84191BA7239D22430063F600 /* Assets.xcassets */; };
		84191BAB239D22430063F600 /* LaunchScreen.storyboard in Resources */ = {isa = PBXBuildFile; fileRef = 84191BA9239D22430063F600 /* LaunchScreen.storyboard */; };
		84191BB6239D22430063F600 /* ITableTests.swift in Sources */ = {isa = PBXBuildFile; fileRef = 84191BB5239D22430063F600 /* ITableTests.swift */; };
		84191BC1239D22430063F600 /* ITableUITests.swift in Sources */ = {isa = PBXBuildFile; fileRef = 84191BC0239D22430063F600 /* ITableUITests.swift */; };
/* End PBXBuildFile section */

/* Begin PBXContainerItemProxy section */
		84191BB2239D22430063F600 /* PBXContainerItemProxy */ = {
			isa = PBXContainerItemProxy;
			containerPortal = 84191B90239D22410063F600 /* Project object */;
			proxyType = 1;
			remoteGlobalIDString = 84191B97239D22410063F600;
			remoteInfo = ITable;
		};
		84191BBD239D22430063F600 /* PBXContainerItemProxy */ = {
			isa = PBXContainerItemProxy;
			containerPortal = 84191B90239D22410063F600 /* Project object */;
			proxyType = 1;
			remoteGlobalIDString = 84191B97239D22410063F600;
			remoteInfo = ITable;
		};
/* End PBXContainerItemProxy section */

/* Begin PBXFileReference section */
		84191B98239D22410063F600 /* ITable.app */ = {isa = PBXFileReference; explicitFileType = wrapper.application; includeInIndex = 0; path = ITable.app; sourceTree = BUILT_PRODUCTS_DIR; };
		84191B9B239D22410063F600 /* AppDelegate.swift */ = {isa = PBXFileReference; lastKnownFileType = sourcecode.swift; path = AppDelegate.swift; sourceTree = "<group>"; };
		84191B9D239D22410063F600 /* SceneDelegate.swift */ = {isa = PBXFileReference; lastKnownFileType = sourcecode.swift; path = SceneDelegate.swift; sourceTree = "<group>"; };
		84191B9F239D22410063F600 /* ViewController.swift */ = {isa = PBXFileReference; lastKnownFileType = sourcecode.swift; path = ViewController.swift; sourceTree = "<group>"; };
		84191BA2239D22410063F600 /* Base */ = {isa = PBXFileReference; lastKnownFileType = file.storyboard; name = Base; path = Base.lproj/Main.storyboard; sourceTree = "<group>"; };
		84191BA5239D22410063F600 /* ITable.xcdatamodel */ = {isa = PBXFileReference; lastKnownFileType = wrapper.xcdatamodel; path = ITable.xcdatamodel; sourceTree = "<group>"; };
		84191BA7239D22430063F600 /* Assets.xcassets */ = {isa = PBXFileReference; lastKnownFileType = folder.assetcatalog; path = Assets.xcassets; sourceTree = "<group>"; };
		84191BAA239D22430063F600 /* Base */ = {isa = PBXFileReference; lastKnownFileType = file.storyboard; name = Base; path = Base.lproj/LaunchScreen.storyboard; sourceTree = "<group>"; };
		84191BAC239D22430063F600 /* Info.plist */ = {isa = PBXFileReference; lastKnownFileType = text.plist.xml; path = Info.plist; sourceTree = "<group>"; };
		84191BB1239D22430063F600 /* ITableTests.xctest */ = {isa = PBXFileReference; explicitFileType = wrapper.cfbundle; includeInIndex = 0; path = ITableTests.xctest; sourceTree = BUILT_PRODUCTS_DIR; };
		84191BB5239D22430063F600 /* ITableTests.swift */ = {isa = PBXFileReference; lastKnownFileType = sourcecode.swift; path = ITableTests.swift; sourceTree = "<group>"; };
		84191BB7239D22430063F600 /* Info.plist */ = {isa = PBXFileReference; lastKnownFileType = text.plist.xml; path = Info.plist; sourceTree = "<group>"; };
		84191BBC239D22430063F600 /* ITableUITests.xctest */ = {isa = PBXFileReference; explicitFileType = wrapper.cfbundle; includeInIndex = 0; path = ITableUITests.xctest; sourceTree = BUILT_PRODUCTS_DIR; };
		84191BC0239D22430063F600 /* ITableUITests.swift */ = {isa = PBXFileReference; lastKnownFileType = sourcecode.swift; path = ITableUITests.swift; sourceTree = "<group>"; };
		84191BC2239D22430063F600 /* Info.plist */ = {isa = PBXFileReference; lastKnownFileType = text.plist.xml; path = Info.plist; sourceTree = "<group>"; };
/* End PBXFileReference section */

/* Begin PBXFrameworksBuildPhase section */
		84191B95239D22410063F600 /* Frameworks */ = {
			isa = PBXFrameworksBuildPhase;
			buildActionMask = 2147483647;
			files = (
			);
			runOnlyForDeploymentPostprocessing = 0;
		};
		84191BAE239D22430063F600 /* Frameworks */ = {
			isa = PBXFrameworksBuildPhase;
			buildActionMask = 2147483647;
			files = (
			);
			runOnlyForDeploymentPostprocessing = 0;
		};
		84191BB9239D22430063F600 /* Frameworks */ = {
			isa = PBXFrameworksBuildPhase;
			buildActionMask = 2147483647;
			files = (
			);
			runOnlyForDeploymentPostprocessing = 0;
		};
/* End PBXFrameworksBuildPhase section */

/* Begin PBXGroup section */
		84191B8F239D22410063F600 = {
			isa = PBXGroup;
			children = (
				84191B9A239D22410063F600 /* ITable */,
				84191BB4239D22430063F600 /* ITableTests */,
				84191BBF239D22430063F600 /* ITableUITests */,
				84191B99239D22410063F600 /* Products */,
			);
			sourceTree = "<group>";
		};
		84191B99239D22410063F600 /* Products */ = {
			isa = PBXGroup;
			children = (
				84191B98239D22410063F600 /* ITable.app */,
				84191BB1239D22430063F600 /* ITableTests.xctest */,
				84191BBC239D22430063F600 /* ITableUITests.xctest */,
			);
			name = Products;
			sourceTree = "<group>";
		};
		84191B9A239D22410063F600 /* ITable */ = {
			isa = PBXGroup;
			children = (
				84191B9B239D22410063F600 /* AppDelegate.swift */,
				84191B9D239D22410063F600 /* SceneDelegate.swift */,
				84191B9F239D22410063F600 /* ViewController.swift */,
				84191BA1239D22410063F600 /* Main.storyboard */,
				84191BA7239D22430063F600 /* Assets.xcassets */,
				84191BA9239D22430063F600 /* LaunchScreen.storyboard */,
				84191BAC239D22430063F600 /* Info.plist */,
				84191BA4239D22410063F600 /* ITable.xcdatamodeld */,
			);
			path = ITable;
			sourceTree = "<group>";
		};
		84191BB4239D22430063F600 /* ITableTests */ = {
			isa = PBXGroup;
			children = (
				84191BB5239D22430063F600 /* ITableTests.swift */,
				84191BB7239D22430063F600 /* Info.plist */,
			);
			path = ITableTests;
			sourceTree = "<group>";
		};
		84191BBF239D22430063F600 /* ITableUITests */ = {
			isa = PBXGroup;
			children = (
				84191BC0239D22430063F600 /* ITableUITests.swift */,
				84191BC2239D22430063F600 /* Info.plist */,
			);
			path = ITableUITests;
			sourceTree = "<group>";
		};
/* End PBXGroup section */

/* Begin PBXNativeTarget section */
		84191B97239D22410063F600 /* ITable */ = {
			isa = PBXNativeTarget;
			buildConfigurationList = 84191BC5239D22430063F600 /* Build configuration list for PBXNativeTarget "ITable" */;
			buildPhases = (
				84191B94239D22410063F600 /* Sources */,
				84191B95239D22410063F600 /* Frameworks */,
				84191B96239D22410063F600 /* Resources */,
			);
			buildRules = (
			);
			dependencies = (
			);
			name = ITable;
			productName = ITable;
			productReference = 84191B98239D22410063F600 /* ITable.app */;
			productType = "com.apple.product-type.application";
		};
		84191BB0239D22430063F600 /* ITableTests */ = {
			isa = PBXNativeTarget;
			buildConfigurationList = 84191BC8239D22430063F600 /* Build configuration list for PBXNativeTarget "ITableTests" */;
			buildPhases = (
				84191BAD239D22430063F600 /* Sources */,
				84191BAE239D22430063F600 /* Frameworks */,
				84191BAF239D22430063F600 /* Resources */,
			);
			buildRules = (
			);
			dependencies = (
				84191BB3239D22430063F600 /* PBXTargetDependency */,
			);
			name = ITableTests;
			productName = ITableTests;
			productReference = 84191BB1239D22430063F600 /* ITableTests.xctest */;
			productType = "com.apple.product-type.bundle.unit-test";
		};
		84191BBB239D22430063F600 /* ITableUITests */ = {
			isa = PBXNativeTarget;
			buildConfigurationList = 84191BCB239D22430063F600 /* Build configuration list for PBXNativeTarget "ITableUITests" */;
			buildPhases = (
				84191BB8239D22430063F600 /* Sources */,
				84191BB9239D22430063F600 /* Frameworks */,
				84191BBA239D22430063F600 /* Resources */,
			);
			buildRules = (
			);
			dependencies = (
				84191BBE239D22430063F600 /* PBXTargetDependency */,
			);
			name = ITableUITests;
			productName = ITableUITests;
			productReference = 84191BBC239D22430063F600 /* ITableUITests.xctest */;
			productType = "com.apple.product-type.bundle.ui-testing";
		};
/* End PBXNativeTarget section */

/* Begin PBXProject section */
		84191B90239D22410063F600 /* Project object */ = {
			isa = PBXProject;
			attributes = {
				LastSwiftUpdateCheck = 1120;
				LastUpgradeCheck = 1120;
				ORGANIZATIONNAME = amci;
				TargetAttributes = {
					84191B97239D22410063F600 = {
						CreatedOnToolsVersion = 11.2.1;
					};
					84191BB0239D22430063F600 = {
						CreatedOnToolsVersion = 11.2.1;
						TestTargetID = 84191B97239D22410063F600;
					};
					84191BBB239D22430063F600 = {
						CreatedOnToolsVersion = 11.2.1;
						TestTargetID = 84191B97239D22410063F600;
					};
				};
			};
			buildConfigurationList = 84191B93239D22410063F600 /* Build configuration list for PBXProject "ITable" */;
			compatibilityVersion = "Xcode 9.3";
			developmentRegion = en;
			hasScannedForEncodings = 0;
			knownRegions = (
				en,
				Base,
			);
			mainGroup = 84191B8F239D22410063F600;
			productRefGroup = 84191B99239D22410063F600 /* Products */;
			projectDirPath = "";
			projectRoot = "";
			targets = (
				84191B97239D22410063F600 /* ITable */,
				84191BB0239D22430063F600 /* ITableTests */,
				84191BBB239D22430063F600 /* ITableUITests */,
			);
		};
/* End PBXProject section */

/* Begin PBXResourcesBuildPhase section */
		84191B96239D22410063F600 /* Resources */ = {
			isa = PBXResourcesBuildPhase;
			buildActionMask = 2147483647;
			files = (
				84191BAB239D22430063F600 /* LaunchScreen.storyboard in Resources */,
				84191BA8239D22430063F600 /* Assets.xcassets in Resources */,
				84191BA3239D22410063F600 /* Main.storyboard in Resources */,
			);
			runOnlyForDeploymentPostprocessing = 0;
		};
		84191BAF239D22430063F600 /* Resources */ = {
			isa = PBXResourcesBuildPhase;
			buildActionMask = 2147483647;
			files = (
			);
			runOnlyForDeploymentPostprocessing = 0;
		};
		84191BBA239D22430063F600 /* Resources */ = {
			isa = PBXResourcesBuildPhase;
			buildActionMask = 2147483647;
			files = (
			);
			runOnlyForDeploymentPostprocessing = 0;
		};
/* End PBXResourcesBuildPhase section */

/* Begin PBXSourcesBuildPhase section */
		84191B94239D22410063F600 /* Sources */ = {
			isa = PBXSourcesBuildPhase;
			buildActionMask = 2147483647;
			files = (
				84191BA6239D22410063F600 /* ITable.xcdatamodeld in Sources */,
				84191BA0239D22410063F600 /* ViewController.swift in Sources */,
				84191B9C239D22410063F600 /* AppDelegate.swift in Sources */,
				84191B9E239D22410063F600 /* SceneDelegate.swift in Sources */,
			);
			runOnlyForDeploymentPostprocessing = 0;
		};
		84191BAD239D22430063F600 /* Sources */ = {
			isa = PBXSourcesBuildPhase;
			buildActionMask = 2147483647;
			files = (
				84191BB6239D22430063F600 /* ITableTests.swift in Sources */,
			);
			runOnlyForDeploymentPostprocessing = 0;
		};
		84191BB8239D22430063F600 /* Sources */ = {
			isa = PBXSourcesBuildPhase;
			buildActionMask = 2147483647;
			files = (
				84191BC1239D22430063F600 /* ITableUITests.swift in Sources */,
			);
			runOnlyForDeploymentPostprocessing = 0;
		};
/* End PBXSourcesBuildPhase section */

/* Begin PBXTargetDependency section */
		84191BB3239D22430063F600 /* PBXTargetDependency */ = {
			isa = PBXTargetDependency;
			target = 84191B97239D22410063F600 /* ITable */;
			targetProxy = 84191BB2239D22430063F600 /* PBXContainerItemProxy */;
		};
		84191BBE239D22430063F600 /* PBXTargetDependency */ = {
			isa = PBXTargetDependency;
			target = 84191B97239D22410063F600 /* ITable */;
			targetProxy = 84191BBD239D22430063F600 /* PBXContainerItemProxy */;
		};
/* End PBXTargetDependency section */

/* Begin PBXVariantGroup section */
		84191BA1239D22410063F600 /* Main.storyboard */ = {
			isa = PBXVariantGroup;
			children = (
				84191BA2239D22410063F600 /* Base */,
			);
			name = Main.storyboard;
			sourceTree = "<group>";
		};
		84191BA9239D22430063F600 /* LaunchScreen.storyboard */ = {
			isa = PBXVariantGroup;
			children = (
				84191BAA239D22430063F600 /* Base */,
			);
			name = LaunchScreen.storyboard;
			sourceTree = "<group>";
		};
/* End PBXVariantGroup section */

/* Begin XCBuildConfiguration section */
		84191BC3239D22430063F600 /* Debug */ = {
			isa = XCBuildConfiguration;
			buildSettings = {
				ALWAYS_SEARCH_USER_PATHS = NO;
				CLANG_ANALYZER_NONNULL = YES;
				CLANG_ANALYZER_NUMBER_OBJECT_CONVERSION = YES_AGGRESSIVE;
				CLANG_CXX_LANGUAGE_STANDARD = "gnu++14";
				CLANG_CXX_LIBRARY = "libc++";
				CLANG_ENABLE_MODULES = YES;
				CLANG_ENABLE_OBJC_ARC = YES;
				CLANG_ENABLE_OBJC_WEAK = YES;
				CLANG_WARN_BLOCK_CAPTURE_AUTORELEASING = YES;
				CLANG_WARN_BOOL_CONVERSION = YES;
				CLANG_WARN_COMMA = YES;
				CLANG_WARN_CONSTANT_CONVERSION = YES;
				CLANG_WARN_DEPRECATED_OBJC_IMPLEMENTATIONS = YES;
				CLANG_WARN_DIRECT_OBJC_ISA_USAGE = YES_ERROR;
				CLANG_WARN_DOCUMENTATION_COMMENTS = YES;
				CLANG_WARN_EMPTY_BODY = YES;
				CLANG_WARN_ENUM_CONVERSION = YES;
				CLANG_WARN_INFINITE_RECURSION = YES;
				CLANG_WARN_INT_CONVERSION = YES;
				CLANG_WARN_NON_LITERAL_NULL_CONVERSION = YES;
				CLANG_WARN_OBJC_IMPLICIT_RETAIN_SELF = YES;
				CLANG_WARN_OBJC_LITERAL_CONVERSION = YES;
				CLANG_WARN_OBJC_ROOT_CLASS = YES_ERROR;
				CLANG_WARN_RANGE_LOOP_ANALYSIS = YES;
				CLANG_WARN_STRICT_PROTOTYPES = YES;
				CLANG_WARN_SUSPICIOUS_MOVE = YES;
				CLANG_WARN_UNGUARDED_AVAILABILITY = YES_AGGRESSIVE;
				CLANG_WARN_UNREACHABLE_CODE = YES;
				CLANG_WARN__DUPLICATE_METHOD_MATCH = YES;
				COPY_PHASE_STRIP = NO;
				DEBUG_INFORMATION_FORMAT = dwarf;
				ENABLE_STRICT_OBJC_MSGSEND = YES;
				ENABLE_TESTABILITY = YES;
				GCC_C_LANGUAGE_STANDARD = gnu11;
				GCC_DYNAMIC_NO_PIC = NO;
				GCC_NO_COMMON_BLOCKS = YES;
				GCC_OPTIMIZATION_LEVEL = 0;
				GCC_PREPROCESSOR_DEFINITIONS = (
					"DEBUG=1",
					"$(inherited)",
				);
				GCC_WARN_64_TO_32_BIT_CONVERSION = YES;
				GCC_WARN_ABOUT_RETURN_TYPE = YES_ERROR;
				GCC_WARN_UNDECLARED_SELECTOR = YES;
				GCC_WARN_UNINITIALIZED_AUTOS = YES_AGGRESSIVE;
				GCC_WARN_UNUSED_FUNCTION = YES;
				GCC_WARN_UNUSED_VARIABLE = YES;
				IPHONEOS_DEPLOYMENT_TARGET = 13.2;
				MTL_ENABLE_DEBUG_INFO = INCLUDE_SOURCE;
				MTL_FAST_MATH = YES;
				ONLY_ACTIVE_ARCH = YES;
				SDKROOT = iphoneos;
				SWIFT_ACTIVE_COMPILATION_CONDITIONS = DEBUG;
				SWIFT_OPTIMIZATION_LEVEL = "-Onone";
			};
			name = Debug;
		};
		84191BC4239D22430063F600 /* Release */ = {
			isa = XCBuildConfiguration;
			buildSettings = {
				ALWAYS_SEARCH_USER_PATHS = NO;
				CLANG_ANALYZER_NONNULL = YES;
				CLANG_ANALYZER_NUMBER_OBJECT_CONVERSION = YES_AGGRESSIVE;
				CLANG_CXX_LANGUAGE_STANDARD = "gnu++14";
				CLANG_CXX_LIBRARY = "libc++";
				CLANG_ENABLE_MODULES = YES;
				CLANG_ENABLE_OBJC_ARC = YES;
				CLANG_ENABLE_OBJC_WEAK = YES;
				CLANG_WARN_BLOCK_CAPTURE_AUTORELEASING = YES;
				CLANG_WARN_BOOL_CONVERSION = YES;
				CLANG_WARN_COMMA = YES;
				CLANG_WARN_CONSTANT_CONVERSION = YES;
				CLANG_WARN_DEPRECATED_OBJC_IMPLEMENTATIONS = YES;
				CLANG_WARN_DIRECT_OBJC_ISA_USAGE = YES_ERROR;
				CLANG_WARN_DOCUMENTATION_COMMENTS = YES;
				CLANG_WARN_EMPTY_BODY = YES;
				CLANG_WARN_ENUM_CONVERSION = YES;
				CLANG_WARN_INFINITE_RECURSION = YES;
				CLANG_WARN_INT_CONVERSION = YES;
				CLANG_WARN_NON_LITERAL_NULL_CONVERSION = YES;
				CLANG_WARN_OBJC_IMPLICIT_RETAIN_SELF = YES;
				CLANG_WARN_OBJC_LITERAL_CONVERSION = YES;
				CLANG_WARN_OBJC_ROOT_CLASS = YES_ERROR;
				CLANG_WARN_RANGE_LOOP_ANALYSIS = YES;
				CLANG_WARN_STRICT_PROTOTYPES = YES;
				CLANG_WARN_SUSPICIOUS_MOVE = YES;
				CLANG_WARN_UNGUARDED_AVAILABILITY = YES_AGGRESSIVE;
				CLANG_WARN_UNREACHABLE_CODE = YES;
				CLANG_WARN__DUPLICATE_METHOD_MATCH = YES;
				COPY_PHASE_STRIP = NO;
				DEBUG_INFORMATION_FORMAT = "dwarf-with-dsym";
				ENABLE_NS_ASSERTIONS = NO;
				ENABLE_STRICT_OBJC_MSGSEND = YES;
				GCC_C_LANGUAGE_STANDARD = gnu11;
				GCC_NO_COMMON_BLOCKS = YES;
				GCC_WARN_64_TO_32_BIT_CONVERSION = YES;
				GCC_WARN_ABOUT_RETURN_TYPE = YES_ERROR;
				GCC_WARN_UNDECLARED_SELECTOR = YES;
				GCC_WARN_UNINITIALIZED_AUTOS = YES_AGGRESSIVE;
				GCC_WARN_UNUSED_FUNCTION = YES;
				GCC_WARN_UNUSED_VARIABLE = YES;
				IPHONEOS_DEPLOYMENT_TARGET = 13.2;
				MTL_ENABLE_DEBUG_INFO = NO;
				MTL_FAST_MATH = YES;
				SDKROOT = iphoneos;
				SWIFT_COMPILATION_MODE = wholemodule;
				SWIFT_OPTIMIZATION_LEVEL = "-O";
				VALIDATE_PRODUCT = YES;
			};
			name = Release;
		};
		84191BC6239D22430063F600 /* Debug */ = {
			isa = XCBuildConfiguration;
			buildSettings = {
				ASSETCATALOG_COMPILER_APPICON_NAME = AppIcon;
				CODE_SIGN_STYLE = Automatic;
				DEVELOPMENT_TEAM = LA76AQQ9M6;
				INFOPLIST_FILE = ITable/Info.plist;
				LD_RUNPATH_SEARCH_PATHS = (
					"$(inherited)",
					"@executable_path/Frameworks",
				);
				PRODUCT_BUNDLE_IDENTIFIER = com.amci.ITable;
				PRODUCT_NAME = "$(TARGET_NAME)";
				SWIFT_VERSION = 5.0;
				TARGETED_DEVICE_FAMILY = "1,2";
			};
			name = Debug;
		};
		84191BC7239D22430063F600 /* Release */ = {
			isa = XCBuildConfiguration;
			buildSettings = {
				ASSETCATALOG_COMPILER_APPICON_NAME = AppIcon;
				CODE_SIGN_STYLE = Automatic;
				DEVELOPMENT_TEAM = LA76AQQ9M6;
				INFOPLIST_FILE = ITable/Info.plist;
				LD_RUNPATH_SEARCH_PATHS = (
					"$(inherited)",
					"@executable_path/Frameworks",
				);
				PRODUCT_BUNDLE_IDENTIFIER = com.amci.ITable;
				PRODUCT_NAME = "$(TARGET_NAME)";
				SWIFT_VERSION = 5.0;
				TARGETED_DEVICE_FAMILY = "1,2";
			};
			name = Release;
		};
		84191BC9239D22430063F600 /* Debug */ = {
			isa = XCBuildConfiguration;
			buildSettings = {
				ALWAYS_EMBED_SWIFT_STANDARD_LIBRARIES = YES;
				BUNDLE_LOADER = "$(TEST_HOST)";
				CODE_SIGN_STYLE = Automatic;
				DEVELOPMENT_TEAM = LA76AQQ9M6;
				INFOPLIST_FILE = ITableTests/Info.plist;
				IPHONEOS_DEPLOYMENT_TARGET = 13.2;
				LD_RUNPATH_SEARCH_PATHS = (
					"$(inherited)",
					"@executable_path/Frameworks",
					"@loader_path/Frameworks",
				);
				PRODUCT_BUNDLE_IDENTIFIER = com.amci.ITableTests;
				PRODUCT_NAME = "$(TARGET_NAME)";
				SWIFT_VERSION = 5.0;
				TARGETED_DEVICE_FAMILY = "1,2";
				TEST_HOST = "$(BUILT_PRODUCTS_DIR)/ITable.app/ITable";
			};
			name = Debug;
		};
		84191BCA239D22430063F600 /* Release */ = {
			isa = XCBuildConfiguration;
			buildSettings = {
				ALWAYS_EMBED_SWIFT_STANDARD_LIBRARIES = YES;
				BUNDLE_LOADER = "$(TEST_HOST)";
				CODE_SIGN_STYLE = Automatic;
				DEVELOPMENT_TEAM = LA76AQQ9M6;
				INFOPLIST_FILE = ITableTests/Info.plist;
				IPHONEOS_DEPLOYMENT_TARGET = 13.2;
				LD_RUNPATH_SEARCH_PATHS = (
					"$(inherited)",
					"@executable_path/Frameworks",
					"@loader_path/Frameworks",
				);
				PRODUCT_BUNDLE_IDENTIFIER = com.amci.ITableTests;
				PRODUCT_NAME = "$(TARGET_NAME)";
				SWIFT_VERSION = 5.0;
				TARGETED_DEVICE_FAMILY = "1,2";
				TEST_HOST = "$(BUILT_PRODUCTS_DIR)/ITable.app/ITable";
			};
			name = Release;
		};
		84191BCC239D22430063F600 /* Debug */ = {
			isa = XCBuildConfiguration;
			buildSettings = {
				ALWAYS_EMBED_SWIFT_STANDARD_LIBRARIES = YES;
				CODE_SIGN_STYLE = Automatic;
				DEVELOPMENT_TEAM = LA76AQQ9M6;
				INFOPLIST_FILE = ITableUITests/Info.plist;
				LD_RUNPATH_SEARCH_PATHS = (
					"$(inherited)",
					"@executable_path/Frameworks",
					"@loader_path/Frameworks",
				);
				PRODUCT_BUNDLE_IDENTIFIER = com.amci.ITableUITests;
				PRODUCT_NAME = "$(TARGET_NAME)";
				SWIFT_VERSION = 5.0;
				TARGETED_DEVICE_FAMILY = "1,2";
				TEST_TARGET_NAME = ITable;
			};
			name = Debug;
		};
		84191BCD239D22430063F600 /* Release */ = {
			isa = XCBuildConfiguration;
			buildSettings = {
				ALWAYS_EMBED_SWIFT_STANDARD_LIBRARIES = YES;
				CODE_SIGN_STYLE = Automatic;
				DEVELOPMENT_TEAM = LA76AQQ9M6;
				INFOPLIST_FILE = ITableUITests/Info.plist;
				LD_RUNPATH_SEARCH_PATHS = (
					"$(inherited)",
					"@executable_path/Frameworks",
					"@loader_path/Frameworks",
				);
				PRODUCT_BUNDLE_IDENTIFIER = com.amci.ITableUITests;
				PRODUCT_NAME = "$(TARGET_NAME)";
				SWIFT_VERSION = 5.0;
				TARGETED_DEVICE_FAMILY = "1,2";
				TEST_TARGET_NAME = ITable;
			};
			name = Release;
		};
/* End XCBuildConfiguration section */

/* Begin XCConfigurationList section */
		84191B93239D22410063F600 /* Build configuration list for PBXProject "ITable" */ = {
			isa = XCConfigurationList;
			buildConfigurations = (
				84191BC3239D22430063F600 /* Debug */,
				84191BC4239D22430063F600 /* Release */,
			);
			defaultConfigurationIsVisible = 0;
			defaultConfigurationName = Release;
		};
		84191BC5239D22430063F600 /* Build configuration list for PBXNativeTarget "ITable" */ = {
			isa = XCConfigurationList;
			buildConfigurations = (
				84191BC6239D22430063F600 /* Debug */,
				84191BC7239D22430063F600 /* Release */,
			);
			defaultConfigurationIsVisible = 0;
			defaultConfigurationName = Release;
		};
		84191BC8239D22430063F600 /* Build configuration list for PBXNativeTarget "ITableTests" */ = {
			isa = XCConfigurationList;
			buildConfigurations = (
				84191BC9239D22430063F600 /* Debug */,
				84191BCA239D22430063F600 /* Release */,
			);
			defaultConfigurationIsVisible = 0;
			defaultConfigurationName = Release;
		};
		84191BCB239D22430063F600 /* Build configuration list for PBXNativeTarget "ITableUITests" */ = {
			isa = XCConfigurationList;
			buildConfigurations = (
				84191BCC239D22430063F600 /* Debug */,
				84191BCD239D22430063F600 /* Release */,
			);
			defaultConfigurationIsVisible = 0;
			defaultConfigurationName = Release;
		};
/* End XCConfigurationList section */

/* Begin XCVersionGroup section */
		84191BA4239D22410063F600 /* ITable.xcdatamodeld */ = {
			isa = XCVersionGroup;
			children = (
				84191BA5239D22410063F600 /* ITable.xcdatamodel */,
			);
			currentVersion = 84191BA5239D22410063F600 /* ITable.xcdatamodel */;
			path = ITable.xcdatamodeld;
			sourceTree = "<group>";
			versionGroupType = wrapper.xcdatamodel;
		};
/* End XCVersionGroup section */
	};
	rootObject = 84191B90239D22410063F600 /* Project object */;
}
